
Microsoft Visual Studio Solution File, Format Version 12.00
# Visual Studio Version 16
VisualStudioVersion = 16.0.29905.134
MinimumVisualStudioVersion = 10.0.40219.1
Project("{FAE04EC0-301F-11D3-BF4B-00C04F79EFBC}") = "TcpProtocolExample", "TcpProtocolExample\TcpProtocolExample.csproj", "{EE1D62A9-C527-4332-9FD1-020ECCD445D9}"
EndProject
Project("{FAE04EC0-301F-11D3-BF4B-00C04F79EFBC}") = "TcpZhenyaServer", "TcpZhenyaServer\TcpZhenyaServer.csproj", "{CCDBB7CF-E8F1-4655-9FDB-6AC3263623E3}"
EndProject
Global
	GlobalSection(SolutionConfigurationPlatforms) = preSolution
		Debug|Any CPU = Debug|Any CPU
		Release|Any CPU = Release|Any CPU
	EndGlobalSection
	GlobalSection(ProjectConfigurationPlatforms) = postSolution
		{EE1D62A9-C527-4332-9FD1-020ECCD445D9}.Debug|Any CPU.ActiveCfg = Debug|Any CPU
		{EE1D62A9-C527-4332-9FD1-020ECCD445D9}.Debug|Any CPU.Build.0 = Debug|Any CPU
		{EE1D62A9-C527-4332-9FD1-020ECCD445D9}.Release|Any CPU.ActiveCfg = Release|Any CPU
		{EE1D62A9-C527-4332-9FD1-020ECCD445D9}.Release|Any CPU.Build.0 = Release|Any CPU
		{CCDBB7CF-E8F1-4655-9FDB-6AC3263623E3}.Debug|Any CPU.ActiveCfg = Debug|Any CPU
		{CCDBB7CF-E8F1-4655-9FDB-6AC3263623E3}.Debug|Any CPU.Build.0 = Debug|Any CPU
		{CCDBB7CF-E8F1-4655-9FDB-6AC3263623E3}.Release|Any CPU.ActiveCfg = Release|Any CPU
		{CCDBB7CF-E8F1-4655-9FDB-6AC3263623E3}.Release|Any CPU.Build.0 = Release|Any CPU
	EndGlobalSection
	GlobalSection(SolutionProperties) = preSolution
		HideSolutionNode = FALSE
	EndGlobalSection
	GlobalSection(ExtensibilityGlobals) = postSolution
		SolutionGuid = {D830555E-3094-4E6E-A9CD-9556E7EB7AAC}
	EndGlobalSection
EndGlobal
